// !$*UTF8*$!
{
	archiveVersion = 1;
	classes = {
	};
	objectVersion = 55;
	objects = {

/* Begin PBXBuildFile section */
		91BA2903274662E800613283 /* AppDelegate.swift in Sources */ = {isa = PBXBuildFile; fileRef = 91BA2902274662E800613283 /* AppDelegate.swift */; };
		91BA2905274662E800613283 /* SceneDelegate.swift in Sources */ = {isa = PBXBuildFile; fileRef = 91BA2904274662E800613283 /* SceneDelegate.swift */; };
		91BA2907274662E900613283 /* ViewController.swift in Sources */ = {isa = PBXBuildFile; fileRef = 91BA2906274662E900613283 /* ViewController.swift */; };
		91BA290A274662E900613283 /* Main.storyboard in Resources */ = {isa = PBXBuildFile; fileRef = 91BA2908274662E900613283 /* Main.storyboard */; };
		91BA290C274662ED00613283 /* Assets.xcassets in Resources */ = {isa = PBXBuildFile; fileRef = 91BA290B274662ED00613283 /* Assets.xcassets */; };
		91BA290F274662ED00613283 /* LaunchScreen.storyboard in Resources */ = {isa = PBXBuildFile; fileRef = 91BA290D274662ED00613283 /* LaunchScreen.storyboard */; };
		91BA291A274662EE00613283 /* PizzalandTests.swift in Sources */ = {isa = PBXBuildFile; fileRef = 91BA2919274662EE00613283 /* PizzalandTests.swift */; };
		91BA2924274662EE00613283 /* PizzalandUITests.swift in Sources */ = {isa = PBXBuildFile; fileRef = 91BA2923274662EE00613283 /* PizzalandUITests.swift */; };
		91BA2926274662EE00613283 /* PizzalandUITestsLaunchTests.swift in Sources */ = {isa = PBXBuildFile; fileRef = 91BA2925274662EE00613283 /* PizzalandUITestsLaunchTests.swift */; };
/* End PBXBuildFile section */

/* Begin PBXContainerItemProxy section */
		91BA2916274662EE00613283 /* PBXContainerItemProxy */ = {
			isa = PBXContainerItemProxy;
			containerPortal = 91BA28F7274662E800613283 /* Project object */;
			proxyType = 1;
			remoteGlobalIDString = 91BA28FE274662E800613283;
			remoteInfo = Pizzaland;
		};
		91BA2920274662EE00613283 /* PBXContainerItemProxy */ = {
			isa = PBXContainerItemProxy;
			containerPortal = 91BA28F7274662E800613283 /* Project object */;
			proxyType = 1;
			remoteGlobalIDString = 91BA28FE274662E800613283;
			remoteInfo = Pizzaland;
		};
/* End PBXContainerItemProxy section */

/* Begin PBXFileReference section */
		91BA28FF274662E800613283 /* Pizzaland.app */ = {isa = PBXFileReference; explicitFileType = wrapper.application; includeInIndex = 0; path = Pizzaland.app; sourceTree = BUILT_PRODUCTS_DIR; };
		91BA2902274662E800613283 /* AppDelegate.swift */ = {isa = PBXFileReference; lastKnownFileType = sourcecode.swift; path = AppDelegate.swift; sourceTree = "<group>"; };
		91BA2904274662E800613283 /* SceneDelegate.swift */ = {isa = PBXFileReference; lastKnownFileType = sourcecode.swift; path = SceneDelegate.swift; sourceTree = "<group>"; };
		91BA2906274662E900613283 /* ViewController.swift */ = {isa = PBXFileReference; lastKnownFileType = sourcecode.swift; path = ViewController.swift; sourceTree = "<group>"; };
		91BA2909274662E900613283 /* Base */ = {isa = PBXFileReference; lastKnownFileType = file.storyboard; name = Base; path = Base.lproj/Main.storyboard; sourceTree = "<group>"; };
		91BA290B274662ED00613283 /* Assets.xcassets */ = {isa = PBXFileReference; lastKnownFileType = folder.assetcatalog; path = Assets.xcassets; sourceTree = "<group>"; };
		91BA290E274662ED00613283 /* Base */ = {isa = PBXFileReference; lastKnownFileType = file.storyboard; name = Base; path = Base.lproj/LaunchScreen.storyboard; sourceTree = "<group>"; };
		91BA2910274662ED00613283 /* Info.plist */ = {isa = PBXFileReference; lastKnownFileType = text.plist.xml; path = Info.plist; sourceTree = "<group>"; };
		91BA2915274662EE00613283 /* PizzalandTests.xctest */ = {isa = PBXFileReference; explicitFileType = wrapper.cfbundle; includeInIndex = 0; path = PizzalandTests.xctest; sourceTree = BUILT_PRODUCTS_DIR; };
		91BA2919274662EE00613283 /* PizzalandTests.swift */ = {isa = PBXFileReference; lastKnownFileType = sourcecode.swift; path = PizzalandTests.swift; sourceTree = "<group>"; };
		91BA291F274662EE00613283 /* PizzalandUITests.xctest */ = {isa = PBXFileReference; explicitFileType = wrapper.cfbundle; includeInIndex = 0; path = PizzalandUITests.xctest; sourceTree = BUILT_PRODUCTS_DIR; };
		91BA2923274662EE00613283 /* PizzalandUITests.swift */ = {isa = PBXFileReference; lastKnownFileType = sourcecode.swift; path = PizzalandUITests.swift; sourceTree = "<group>"; };
		91BA2925274662EE00613283 /* PizzalandUITestsLaunchTests.swift */ = {isa = PBXFileReference; lastKnownFileType = sourcecode.swift; path = PizzalandUITestsLaunchTests.swift; sourceTree = "<group>"; };
/* End PBXFileReference section */

/* Begin PBXFrameworksBuildPhase section */
		91BA28FC274662E800613283 /* Frameworks */ = {
			isa = PBXFrameworksBuildPhase;
			buildActionMask = 2147483647;
			files = (
			);
			runOnlyForDeploymentPostprocessing = 0;
		};
		91BA2912274662EE00613283 /* Frameworks */ = {
			isa = PBXFrameworksBuildPhase;
			buildActionMask = 2147483647;
			files = (
			);
			runOnlyForDeploymentPostprocessing = 0;
		};
		91BA291C274662EE00613283 /* Frameworks */ = {
			isa = PBXFrameworksBuildPhase;
			buildActionMask = 2147483647;
			files = (
			);
			runOnlyForDeploymentPostprocessing = 0;
		};
/* End PBXFrameworksBuildPhase section */

/* Begin PBXGroup section */
		91BA28F6274662E800613283 = {
			isa = PBXGroup;
			children = (
				91BA2901274662E800613283 /* Pizzaland */,
				91BA2918274662EE00613283 /* PizzalandTests */,
				91BA2922274662EE00613283 /* PizzalandUITests */,
				91BA2900274662E800613283 /* Products */,
			);
			sourceTree = "<group>";
		};
		91BA2900274662E800613283 /* Products */ = {
			isa = PBXGroup;
			children = (
				91BA28FF274662E800613283 /* Pizzaland.app */,
				91BA2915274662EE00613283 /* PizzalandTests.xctest */,
				91BA291F274662EE00613283 /* PizzalandUITests.xctest */,
			);
			name = Products;
			sourceTree = "<group>";
		};
		91BA2901274662E800613283 /* Pizzaland */ = {
			isa = PBXGroup;
			children = (
				91BA2902274662E800613283 /* AppDelegate.swift */,
				91BA2904274662E800613283 /* SceneDelegate.swift */,
				91BA2906274662E900613283 /* ViewController.swift */,
				91BA2908274662E900613283 /* Main.storyboard */,
				91BA290B274662ED00613283 /* Assets.xcassets */,
				91BA290D274662ED00613283 /* LaunchScreen.storyboard */,
				91BA2910274662ED00613283 /* Info.plist */,
			);
			path = Pizzaland;
			sourceTree = "<group>";
		};
		91BA2918274662EE00613283 /* PizzalandTests */ = {
			isa = PBXGroup;
			children = (
				91BA2919274662EE00613283 /* PizzalandTests.swift */,
			);
			path = PizzalandTests;
			sourceTree = "<group>";
		};
		91BA2922274662EE00613283 /* PizzalandUITests */ = {
			isa = PBXGroup;
			children = (
				91BA2923274662EE00613283 /* PizzalandUITests.swift */,
				91BA2925274662EE00613283 /* PizzalandUITestsLaunchTests.swift */,
			);
			path = PizzalandUITests;
			sourceTree = "<group>";
		};
/* End PBXGroup section */

/* Begin PBXNativeTarget section */
		91BA28FE274662E800613283 /* Pizzaland */ = {
			isa = PBXNativeTarget;
			buildConfigurationList = 91BA2929274662EE00613283 /* Build configuration list for PBXNativeTarget "Pizzaland" */;
			buildPhases = (
				91BA28FB274662E800613283 /* Sources */,
				91BA28FC274662E800613283 /* Frameworks */,
				91BA28FD274662E800613283 /* Resources */,
			);
			buildRules = (
			);
			dependencies = (
			);
			name = Pizzaland;
			productName = Pizzaland;
			productReference = 91BA28FF274662E800613283 /* Pizzaland.app */;
			productType = "com.apple.product-type.application";
		};
		91BA2914274662EE00613283 /* PizzalandTests */ = {
			isa = PBXNativeTarget;
			buildConfigurationList = 91BA292C274662EE00613283 /* Build configuration list for PBXNativeTarget "PizzalandTests" */;
			buildPhases = (
				91BA2911274662EE00613283 /* Sources */,
				91BA2912274662EE00613283 /* Frameworks */,
				91BA2913274662EE00613283 /* Resources */,
			);
			buildRules = (
			);
			dependencies = (
				91BA2917274662EE00613283 /* PBXTargetDependency */,
			);
			name = PizzalandTests;
			productName = PizzalandTests;
			productReference = 91BA2915274662EE00613283 /* PizzalandTests.xctest */;
			productType = "com.apple.product-type.bundle.unit-test";
		};
		91BA291E274662EE00613283 /* PizzalandUITests */ = {
			isa = PBXNativeTarget;
			buildConfigurationList = 91BA292F274662EE00613283 /* Build configuration list for PBXNativeTarget "PizzalandUITests" */;
			buildPhases = (
				91BA291B274662EE00613283 /* Sources */,
				91BA291C274662EE00613283 /* Frameworks */,
				91BA291D274662EE00613283 /* Resources */,
			);
			buildRules = (
			);
			dependencies = (
				91BA2921274662EE00613283 /* PBXTargetDependency */,
			);
			name = PizzalandUITests;
			productName = PizzalandUITests;
			productReference = 91BA291F274662EE00613283 /* PizzalandUITests.xctest */;
			productType = "com.apple.product-type.bundle.ui-testing";
		};
/* End PBXNativeTarget section */

/* Begin PBXProject section */
		91BA28F7274662E800613283 /* Project object */ = {
			isa = PBXProject;
			attributes = {
				BuildIndependentTargetsInParallel = 1;
				LastSwiftUpdateCheck = 1310;
				LastUpgradeCheck = 1310;
				TargetAttributes = {
					91BA28FE274662E800613283 = {
						CreatedOnToolsVersion = 13.1;
					};
					91BA2914274662EE00613283 = {
						CreatedOnToolsVersion = 13.1;
						TestTargetID = 91BA28FE274662E800613283;
					};
					91BA291E274662EE00613283 = {
						CreatedOnToolsVersion = 13.1;
						TestTargetID = 91BA28FE274662E800613283;
					};
				};
			};
			buildConfigurationList = 91BA28FA274662E800613283 /* Build configuration list for PBXProject "Pizzaland" */;
			compatibilityVersion = "Xcode 13.0";
			developmentRegion = en;
			hasScannedForEncodings = 0;
			knownRegions = (
				en,
				Base,
			);
			mainGroup = 91BA28F6274662E800613283;
			productRefGroup = 91BA2900274662E800613283 /* Products */;
			projectDirPath = "";
			projectRoot = "";
			targets = (
				91BA28FE274662E800613283 /* Pizzaland */,
				91BA2914274662EE00613283 /* PizzalandTests */,
				91BA291E274662EE00613283 /* PizzalandUITests */,
			);
		};
/* End PBXProject section */

/* Begin PBXResourcesBuildPhase section */
		91BA28FD274662E800613283 /* Resources */ = {
			isa = PBXResourcesBuildPhase;
			buildActionMask = 2147483647;
			files = (
				91BA290F274662ED00613283 /* LaunchScreen.storyboard in Resources */,
				91BA290C274662ED00613283 /* Assets.xcassets in Resources */,
				91BA290A274662E900613283 /* Main.storyboard in Resources */,
			);
			runOnlyForDeploymentPostprocessing = 0;
		};
		91BA2913274662EE00613283 /* Resources */ = {
			isa = PBXResourcesBuildPhase;
			buildActionMask = 2147483647;
			files = (
			);
			runOnlyForDeploymentPostprocessing = 0;
		};
		91BA291D274662EE00613283 /* Resources */ = {
			isa = PBXResourcesBuildPhase;
			buildActionMask = 2147483647;
			files = (
			);
			runOnlyForDeploymentPostprocessing = 0;
		};
/* End PBXResourcesBuildPhase section */

/* Begin PBXSourcesBuildPhase section */
		91BA28FB274662E800613283 /* Sources */ = {
			isa = PBXSourcesBuildPhase;
			buildActionMask = 2147483647;
			files = (
				91BA2907274662E900613283 /* ViewController.swift in Sources */,
				91BA2903274662E800613283 /* AppDelegate.swift in Sources */,
				91BA2905274662E800613283 /* SceneDelegate.swift in Sources */,
			);
			runOnlyForDeploymentPostprocessing = 0;
		};
		91BA2911274662EE00613283 /* Sources */ = {
			isa = PBXSourcesBuildPhase;
			buildActionMask = 2147483647;
			files = (
				91BA291A274662EE00613283 /* PizzalandTests.swift in Sources */,
			);
			runOnlyForDeploymentPostprocessing = 0;
		};
		91BA291B274662EE00613283 /* Sources */ = {
			isa = PBXSourcesBuildPhase;
			buildActionMask = 2147483647;
			files = (
				91BA2926274662EE00613283 /* PizzalandUITestsLaunchTests.swift in Sources */,
				91BA2924274662EE00613283 /* PizzalandUITests.swift in Sources */,
			);
			runOnlyForDeploymentPostprocessing = 0;
		};
/* End PBXSourcesBuildPhase section */

/* Begin PBXTargetDependency section */
		91BA2917274662EE00613283 /* PBXTargetDependency */ = {
			isa = PBXTargetDependency;
			target = 91BA28FE274662E800613283 /* Pizzaland */;
			targetProxy = 91BA2916274662EE00613283 /* PBXContainerItemProxy */;
		};
		91BA2921274662EE00613283 /* PBXTargetDependency */ = {
			isa = PBXTargetDependency;
			target = 91BA28FE274662E800613283 /* Pizzaland */;
			targetProxy = 91BA2920274662EE00613283 /* PBXContainerItemProxy */;
		};
/* End PBXTargetDependency section */

/* Begin PBXVariantGroup section */
		91BA2908274662E900613283 /* Main.storyboard */ = {
			isa = PBXVariantGroup;
			children = (
				91BA2909274662E900613283 /* Base */,
			);
			name = Main.storyboard;
			sourceTree = "<group>";
		};
		91BA290D274662ED00613283 /* LaunchScreen.storyboard */ = {
			isa = PBXVariantGroup;
			children = (
				91BA290E274662ED00613283 /* Base */,
			);
			name = LaunchScreen.storyboard;
			sourceTree = "<group>";
		};
/* End PBXVariantGroup section */

/* Begin XCBuildConfiguration section */
		91BA2927274662EE00613283 /* Debug */ = {
			isa = XCBuildConfiguration;
			buildSettings = {
				ALWAYS_SEARCH_USER_PATHS = NO;
				CLANG_ANALYZER_NONNULL = YES;
				CLANG_ANALYZER_NUMBER_OBJECT_CONVERSION = YES_AGGRESSIVE;
				CLANG_CXX_LANGUAGE_STANDARD = "gnu++17";
				CLANG_CXX_LIBRARY = "libc++";
				CLANG_ENABLE_MODULES = YES;
				CLANG_ENABLE_OBJC_ARC = YES;
				CLANG_ENABLE_OBJC_WEAK = YES;
				CLANG_WARN_BLOCK_CAPTURE_AUTORELEASING = YES;
				CLANG_WARN_BOOL_CONVERSION = YES;
				CLANG_WARN_COMMA = YES;
				CLANG_WARN_CONSTANT_CONVERSION = YES;
				CLANG_WARN_DEPRECATED_OBJC_IMPLEMENTATIONS = YES;
				CLANG_WARN_DIRECT_OBJC_ISA_USAGE = YES_ERROR;
				CLANG_WARN_DOCUMENTATION_COMMENTS = YES;
				CLANG_WARN_EMPTY_BODY = YES;
				CLANG_WARN_ENUM_CONVERSION = YES;
				CLANG_WARN_INFINITE_RECURSION = YES;
				CLANG_WARN_INT_CONVERSION = YES;
				CLANG_WARN_NON_LITERAL_NULL_CONVERSION = YES;
				CLANG_WARN_OBJC_IMPLICIT_RETAIN_SELF = YES;
				CLANG_WARN_OBJC_LITERAL_CONVERSION = YES;
				CLANG_WARN_OBJC_ROOT_CLASS = YES_ERROR;
				CLANG_WARN_QUOTED_INCLUDE_IN_FRAMEWORK_HEADER = YES;
				CLANG_WARN_RANGE_LOOP_ANALYSIS = YES;
				CLANG_WARN_STRICT_PROTOTYPES = YES;
				CLANG_WARN_SUSPICIOUS_MOVE = YES;
				CLANG_WARN_UNGUARDED_AVAILABILITY = YES_AGGRESSIVE;
				CLANG_WARN_UNREACHABLE_CODE = YES;
				CLANG_WARN__DUPLICATE_METHOD_MATCH = YES;
				COPY_PHASE_STRIP = NO;
				DEBUG_INFORMATION_FORMAT = dwarf;
				ENABLE_STRICT_OBJC_MSGSEND = YES;
				ENABLE_TESTABILITY = YES;
				GCC_C_LANGUAGE_STANDARD = gnu11;
				GCC_DYNAMIC_NO_PIC = NO;
				GCC_NO_COMMON_BLOCKS = YES;
				GCC_OPTIMIZATION_LEVEL = 0;
				GCC_PREPROCESSOR_DEFINITIONS = (
					"DEBUG=1",
					"$(inherited)",
				);
				GCC_WARN_64_TO_32_BIT_CONVERSION = YES;
				GCC_WARN_ABOUT_RETURN_TYPE = YES_ERROR;
				GCC_WARN_UNDECLARED_SELECTOR = YES;
				GCC_WARN_UNINITIALIZED_AUTOS = YES_AGGRESSIVE;
				GCC_WARN_UNUSED_FUNCTION = YES;
				GCC_WARN_UNUSED_VARIABLE = YES;
				IPHONEOS_DEPLOYMENT_TARGET = 15.0;
				MTL_ENABLE_DEBUG_INFO = INCLUDE_SOURCE;
				MTL_FAST_MATH = YES;
				ONLY_ACTIVE_ARCH = YES;
				SDKROOT = iphoneos;
				SWIFT_ACTIVE_COMPILATION_CONDITIONS = DEBUG;
				SWIFT_OPTIMIZATION_LEVEL = "-Onone";
			};
			name = Debug;
		};
		91BA2928274662EE00613283 /* Release */ = {
			isa = XCBuildConfiguration;
			buildSettings = {
				ALWAYS_SEARCH_USER_PATHS = NO;
				CLANG_ANALYZER_NONNULL = YES;
				CLANG_ANALYZER_NUMBER_OBJECT_CONVERSION = YES_AGGRESSIVE;
				CLANG_CXX_LANGUAGE_STANDARD = "gnu++17";
				CLANG_CXX_LIBRARY = "libc++";
				CLANG_ENABLE_MODULES = YES;
				CLANG_ENABLE_OBJC_ARC = YES;
				CLANG_ENABLE_OBJC_WEAK = YES;
				CLANG_WARN_BLOCK_CAPTURE_AUTORELEASING = YES;
				CLANG_WARN_BOOL_CONVERSION = YES;
				CLANG_WARN_COMMA = YES;
				CLANG_WARN_CONSTANT_CONVERSION = YES;
				CLANG_WARN_DEPRECATED_OBJC_IMPLEMENTATIONS = YES;
				CLANG_WARN_DIRECT_OBJC_ISA_USAGE = YES_ERROR;
				CLANG_WARN_DOCUMENTATION_COMMENTS = YES;
				CLANG_WARN_EMPTY_BODY = YES;
				CLANG_WARN_ENUM_CONVERSION = YES;
				CLANG_WARN_INFINITE_RECURSION = YES;
				CLANG_WARN_INT_CONVERSION = YES;
				CLANG_WARN_NON_LITERAL_NULL_CONVERSION = YES;
				CLANG_WARN_OBJC_IMPLICIT_RETAIN_SELF = YES;
				CLANG_WARN_OBJC_LITERAL_CONVERSION = YES;
				CLANG_WARN_OBJC_ROOT_CLASS = YES_ERROR;
				CLANG_WARN_QUOTED_INCLUDE_IN_FRAMEWORK_HEADER = YES;
				CLANG_WARN_RANGE_LOOP_ANALYSIS = YES;
				CLANG_WARN_STRICT_PROTOTYPES = YES;
				CLANG_WARN_SUSPICIOUS_MOVE = YES;
				CLANG_WARN_UNGUARDED_AVAILABILITY = YES_AGGRESSIVE;
				CLANG_WARN_UNREACHABLE_CODE = YES;
				CLANG_WARN__DUPLICATE_METHOD_MATCH = YES;
				COPY_PHASE_STRIP = NO;
				DEBUG_INFORMATION_FORMAT = "dwarf-with-dsym";
				ENABLE_NS_ASSERTIONS = NO;
				ENABLE_STRICT_OBJC_MSGSEND = YES;
				GCC_C_LANGUAGE_STANDARD = gnu11;
				GCC_NO_COMMON_BLOCKS = YES;
				GCC_WARN_64_TO_32_BIT_CONVERSION = YES;
				GCC_WARN_ABOUT_RETURN_TYPE = YES_ERROR;
				GCC_WARN_UNDECLARED_SELECTOR = YES;
				GCC_WARN_UNINITIALIZED_AUTOS = YES_AGGRESSIVE;
				GCC_WARN_UNUSED_FUNCTION = YES;
				GCC_WARN_UNUSED_VARIABLE = YES;
				IPHONEOS_DEPLOYMENT_TARGET = 15.0;
				MTL_ENABLE_DEBUG_INFO = NO;
				MTL_FAST_MATH = YES;
				SDKROOT = iphoneos;
				SWIFT_COMPILATION_MODE = wholemodule;
				SWIFT_OPTIMIZATION_LEVEL = "-O";
				VALIDATE_PRODUCT = YES;
			};
			name = Release;
		};
		91BA292A274662EE00613283 /* Debug */ = {
			isa = XCBuildConfiguration;
			buildSettings = {
				ASSETCATALOG_COMPILER_APPICON_NAME = AppIcon;
				ASSETCATALOG_COMPILER_GLOBAL_ACCENT_COLOR_NAME = AccentColor;
				CODE_SIGN_STYLE = Automatic;
				CURRENT_PROJECT_VERSION = 1;
				DEVELOPMENT_TEAM = T4SAQ599JR;
				GENERATE_INFOPLIST_FILE = YES;
				INFOPLIST_FILE = Pizzaland/Info.plist;
				INFOPLIST_KEY_UIApplicationSupportsIndirectInputEvents = YES;
				INFOPLIST_KEY_UILaunchStoryboardName = LaunchScreen;
				INFOPLIST_KEY_UIMainStoryboardFile = Main;
				INFOPLIST_KEY_UISupportedInterfaceOrientations_iPad = "UIInterfaceOrientationPortrait UIInterfaceOrientationPortraitUpsideDown UIInterfaceOrientationLandscapeLeft UIInterfaceOrientationLandscapeRight";
				INFOPLIST_KEY_UISupportedInterfaceOrientations_iPhone = "UIInterfaceOrientationPortrait UIInterfaceOrientationLandscapeLeft UIInterfaceOrientationLandscapeRight";
				LD_RUNPATH_SEARCH_PATHS = (
					"$(inherited)",
					"@executable_path/Frameworks",
				);
				MARKETING_VERSION = 1.0;
				PRODUCT_BUNDLE_IDENTIFIER = testingapp.Pizzaland;
				PRODUCT_NAME = "$(TARGET_NAME)";
				SWIFT_EMIT_LOC_STRINGS = YES;
				SWIFT_VERSION = 5.0;
				TARGETED_DEVICE_FAMILY = "1,2";
			};
			name = Debug;
		};
		91BA292B274662EE00613283 /* Release */ = {
			isa = XCBuildConfiguration;
			buildSettings = {
				ASSETCATALOG_COMPILER_APPICON_NAME = AppIcon;
				ASSETCATALOG_COMPILER_GLOBAL_ACCENT_COLOR_NAME = AccentColor;
				CODE_SIGN_STYLE = Automatic;
				CURRENT_PROJECT_VERSION = 1;
				DEVELOPMENT_TEAM = T4SAQ599JR;
				GENERATE_INFOPLIST_FILE = YES;
				INFOPLIST_FILE = Pizzaland/Info.plist;
				INFOPLIST_KEY_UIApplicationSupportsIndirectInputEvents = YES;
				INFOPLIST_KEY_UILaunchStoryboardName = LaunchScreen;
				INFOPLIST_KEY_UIMainStoryboardFile = Main;
				INFOPLIST_KEY_UISupportedInterfaceOrientations_iPad = "UIInterfaceOrientationPortrait UIInterfaceOrientationPortraitUpsideDown UIInterfaceOrientationLandscapeLeft UIInterfaceOrientationLandscapeRight";
				INFOPLIST_KEY_UISupportedInterfaceOrientations_iPhone = "UIInterfaceOrientationPortrait UIInterfaceOrientationLandscapeLeft UIInterfaceOrientationLandscapeRight";
				LD_RUNPATH_SEARCH_PATHS = (
					"$(inherited)",
					"@executable_path/Frameworks",
				);
				MARKETING_VERSION = 1.0;
				PRODUCT_BUNDLE_IDENTIFIER = testingapp.Pizzaland;
				PRODUCT_NAME = "$(TARGET_NAME)";
				SWIFT_EMIT_LOC_STRINGS = YES;
				SWIFT_VERSION = 5.0;
				TARGETED_DEVICE_FAMILY = "1,2";
			};
			name = Release;
		};
		91BA292D274662EE00613283 /* Debug */ = {
			isa = XCBuildConfiguration;
			buildSettings = {
				ALWAYS_EMBED_SWIFT_STANDARD_LIBRARIES = YES;
				BUNDLE_LOADER = "$(TEST_HOST)";
				CODE_SIGN_STYLE = Automatic;
				CURRENT_PROJECT_VERSION = 1;
				DEVELOPMENT_TEAM = T4SAQ599JR;
				GENERATE_INFOPLIST_FILE = YES;
				IPHONEOS_DEPLOYMENT_TARGET = 15.0;
				LD_RUNPATH_SEARCH_PATHS = (
					"$(inherited)",
					"@executable_path/Frameworks",
					"@loader_path/Frameworks",
				);
				MARKETING_VERSION = 1.0;
				PRODUCT_BUNDLE_IDENTIFIER = testingapp.PizzalandTests;
				PRODUCT_NAME = "$(TARGET_NAME)";
				SWIFT_EMIT_LOC_STRINGS = NO;
				SWIFT_VERSION = 5.0;
				TARGETED_DEVICE_FAMILY = "1,2";
				TEST_HOST = "$(BUILT_PRODUCTS_DIR)/Pizzaland.app/Pizzaland";
			};
			name = Debug;
		};
		91BA292E274662EE00613283 /* Release */ = {
			isa = XCBuildConfiguration;
			buildSettings = {
				ALWAYS_EMBED_SWIFT_STANDARD_LIBRARIES = YES;
				BUNDLE_LOADER = "$(TEST_HOST)";
				CODE_SIGN_STYLE = Automatic;
				CURRENT_PROJECT_VERSION = 1;
				DEVELOPMENT_TEAM = T4SAQ599JR;
				GENERATE_INFOPLIST_FILE = YES;
				IPHONEOS_DEPLOYMENT_TARGET = 15.0;
				LD_RUNPATH_SEARCH_PATHS = (
					"$(inherited)",
					"@executable_path/Frameworks",
					"@loader_path/Frameworks",
				);
				MARKETING_VERSION = 1.0;
				PRODUCT_BUNDLE_IDENTIFIER = testingapp.PizzalandTests;
				PRODUCT_NAME = "$(TARGET_NAME)";
				SWIFT_EMIT_LOC_STRINGS = NO;
				SWIFT_VERSION = 5.0;
				TARGETED_DEVICE_FAMILY = "1,2";
				TEST_HOST = "$(BUILT_PRODUCTS_DIR)/Pizzaland.app/Pizzaland";
			};
			name = Release;
		};
		91BA2930274662EE00613283 /* Debug */ = {
			isa = XCBuildConfiguration;
			buildSettings = {
				ALWAYS_EMBED_SWIFT_STANDARD_LIBRARIES = YES;
				CODE_SIGN_STYLE = Automatic;
				CURRENT_PROJECT_VERSION = 1;
				DEVELOPMENT_TEAM = T4SAQ599JR;
				GENERATE_INFOPLIST_FILE = YES;
				LD_RUNPATH_SEARCH_PATHS = (
					"$(inherited)",
					"@executable_path/Frameworks",
					"@loader_path/Frameworks",
				);
				MARKETING_VERSION = 1.0;
				PRODUCT_BUNDLE_IDENTIFIER = testingapp.PizzalandUITests;
				PRODUCT_NAME = "$(TARGET_NAME)";
				SWIFT_EMIT_LOC_STRINGS = NO;
				SWIFT_VERSION = 5.0;
				TARGETED_DEVICE_FAMILY = "1,2";
				TEST_TARGET_NAME = Pizzaland;
			};
			name = Debug;
		};
		91BA2931274662EE00613283 /* Release */ = {
			isa = XCBuildConfiguration;
			buildSettings = {
				ALWAYS_EMBED_SWIFT_STANDARD_LIBRARIES = YES;
				CODE_SIGN_STYLE = Automatic;
				CURRENT_PROJECT_VERSION = 1;
				DEVELOPMENT_TEAM = T4SAQ599JR;
				GENERATE_INFOPLIST_FILE = YES;
				LD_RUNPATH_SEARCH_PATHS = (
					"$(inherited)",
					"@executable_path/Frameworks",
					"@loader_path/Frameworks",
				);
				MARKETING_VERSION = 1.0;
				PRODUCT_BUNDLE_IDENTIFIER = testingapp.PizzalandUITests;
				PRODUCT_NAME = "$(TARGET_NAME)";
				SWIFT_EMIT_LOC_STRINGS = NO;
				SWIFT_VERSION = 5.0;
				TARGETED_DEVICE_FAMILY = "1,2";
				TEST_TARGET_NAME = Pizzaland;
			};
			name = Release;
		};
/* End XCBuildConfiguration section */

/* Begin XCConfigurationList section */
		91BA28FA274662E800613283 /* Build configuration list for PBXProject "Pizzaland" */ = {
			isa = XCConfigurationList;
			buildConfigurations = (
				91BA2927274662EE00613283 /* Debug */,
				91BA2928274662EE00613283 /* Release */,
			);
			defaultConfigurationIsVisible = 0;
			defaultConfigurationName = Release;
		};
		91BA2929274662EE00613283 /* Build configuration list for PBXNativeTarget "Pizzaland" */ = {
			isa = XCConfigurationList;
			buildConfigurations = (
				91BA292A274662EE00613283 /* Debug */,
				91BA292B274662EE00613283 /* Release */,
			);
			defaultConfigurationIsVisible = 0;
			defaultConfigurationName = Release;
		};
		91BA292C274662EE00613283 /* Build configuration list for PBXNativeTarget "PizzalandTests" */ = {
			isa = XCConfigurationList;
			buildConfigurations = (
				91BA292D274662EE00613283 /* Debug */,
				91BA292E274662EE00613283 /* Release */,
			);
			defaultConfigurationIsVisible = 0;
			defaultConfigurationName = Release;
		};
		91BA292F274662EE00613283 /* Build configuration list for PBXNativeTarget "PizzalandUITests" */ = {
			isa = XCConfigurationList;
			buildConfigurations = (
				91BA2930274662EE00613283 /* Debug */,
				91BA2931274662EE00613283 /* Release */,
			);
			defaultConfigurationIsVisible = 0;
			defaultConfigurationName = Release;
		};
/* End XCConfigurationList section */
	};
	rootObject = 91BA28F7274662E800613283 /* Project object */;
}
